
Microsoft Visual Studio Solution File, Format Version 12.00
# Visual Studio Version 17
VisualStudioVersion = 17.8.34511.84
MinimumVisualStudioVersion = 10.0.40219.1
Project("{FAE04EC0-301F-11D3-BF4B-00C04F79EFBC}") = "InterfaceDemo", "InterfaceDemo.csproj", "{3D511549-B1E4-4F88-B3BE-9D1916D3D059}"
EndProject
Global
	GlobalSection(SolutionConfigurationPlatforms) = preSolution
		Debug|Any CPU = Debug|Any CPU
		Release|Any CPU = Release|Any CPU
	EndGlobalSection
	GlobalSection(ProjectConfigurationPlatforms) = postSolution
		{3D511549-B1E4-4F88-B3BE-9D1916D3D059}.Debug|Any CPU.ActiveCfg = Debug|Any CPU
		{3D511549-B1E4-4F88-B3BE-9D1916D3D059}.Debug|Any CPU.Build.0 = Debug|Any CPU
		{3D511549-B1E4-4F88-B3BE-9D1916D3D059}.Release|Any CPU.ActiveCfg = Release|Any CPU
		{3D511549-B1E4-4F88-B3BE-9D1916D3D059}.Release|Any CPU.Build.0 = Release|Any CPU
	EndGlobalSection
	GlobalSection(SolutionProperties) = preSolution
		HideSolutionNode = FALSE
	EndGlobalSection
	GlobalSection(ExtensibilityGlobals) = postSolution
		SolutionGuid = {DCB4437D-7B25-40EE-AA5E-D49C1AB092EC}
	EndGlobalSection
EndGlobal
